{
  "version": 4,
  "terraform_version": "1.6.4",
  "serial": 23,
  "lineage": "d2af3686-00e4-e000-0ded-7e32460fe606",
  "outputs": {
    "instance_id": {
      "value": "i-012cfc46513ebf49c",
      "type": "string"
    },
    "private_ip": {
      "value": "172.31.43.177",
      "type": "string"
    },
    "private_key": {
      "value": "./my-ec2-key-terrform.pem",
      "type": "string",
      "sensitive": true
    },
    "public_ip": {
      "value": "43.205.242.132",
      "type": "string"
    }
  },
  "resources": [
    {
      "mode": "managed",
      "type": "aws_default_security_group",
      "name": "default",
      "provider": "provider[\"registry.terraform.io/hashicorp/aws\"]",
      "instances": [
        {
          "schema_version": 1,
          "attributes": {
            "arn": "arn:aws:ec2:ap-south-1:237717028134:security-group/sg-0da8322cdbbcf6940",
            "description": "default VPC security group",
            "egress": [],
            "id": "sg-0da8322cdbbcf6940",
            "ingress": [],
            "name": "default",
            "name_prefix": "",
            "owner_id": "237717028134",
            "revoke_rules_on_delete": false,
            "tags": null,
            "tags_all": {},
            "vpc_id": "vpc-0d5e8bee32d125a60"
          },
          "sensitive_attributes": [],
          "private": "eyJzY2hlbWFfdmVyc2lvbiI6IjEifQ==",
          "dependencies": [
            "aws_default_subnet.default"
          ]
        }
      ]
    },
    {
      "mode": "managed",
      "type": "aws_default_subnet",
      "name": "default",
      "provider": "provider[\"registry.terraform.io/hashicorp/aws\"]",
      "instances": [
        {
          "schema_version": 1,
          "attributes": {
            "arn": "arn:aws:ec2:ap-south-1:237717028134:subnet/subnet-0d5c03d46e1e52324",
            "assign_ipv6_address_on_creation": false,
            "availability_zone": "ap-south-1a",
            "availability_zone_id": "aps1-az1",
            "cidr_block": "172.31.32.0/20",
            "customer_owned_ipv4_pool": "",
            "enable_dns64": false,
            "enable_lni_at_device_index": 0,
            "enable_resource_name_dns_a_record_on_launch": false,
            "enable_resource_name_dns_aaaa_record_on_launch": false,
            "existing_default_subnet": true,
            "force_destroy": false,
            "id": "subnet-0d5c03d46e1e52324",
            "ipv6_cidr_block": "",
            "ipv6_cidr_block_association_id": "",
            "ipv6_native": false,
            "map_customer_owned_ip_on_launch": false,
            "map_public_ip_on_launch": true,
            "outpost_arn": "",
            "owner_id": "237717028134",
            "private_dns_hostname_type_on_launch": "ip-name",
            "tags": null,
            "tags_all": {},
            "timeouts": null,
            "vpc_id": "vpc-0d5e8bee32d125a60"
          },
          "sensitive_attributes": [],
          "private": "eyJlMmJmYjczMC1lY2FhLTExZTYtOGY4OC0zNDM2M2JjN2M0YzAiOnsiY3JlYXRlIjo2MDAwMDAwMDAwMDAsImRlbGV0ZSI6MTIwMDAwMDAwMDAwMH0sInNjaGVtYV92ZXJzaW9uIjoiMSJ9"
        }
      ]
    },
    {
      "mode": "managed",
      "type": "aws_instance",
      "name": "example_instance_myk",
      "provider": "provider[\"registry.terraform.io/hashicorp/aws\"]",
      "instances": [
        {
          "schema_version": 1,
          "attributes": {
            "ami": "ami-0287a05f0ef0e9d9a",
            "arn": "arn:aws:ec2:ap-south-1:237717028134:instance/i-012cfc46513ebf49c",
            "associate_public_ip_address": true,
            "availability_zone": "ap-south-1a",
            "capacity_reservation_specification": [
              {
                "capacity_reservation_preference": "open",
                "capacity_reservation_target": []
              }
            ],
            "cpu_core_count": 1,
            "cpu_options": [
              {
                "amd_sev_snp": "",
                "core_count": 1,
                "threads_per_core": 1
              }
            ],
            "cpu_threads_per_core": 1,
            "credit_specification": [
              {
                "cpu_credits": "standard"
              }
            ],
            "disable_api_stop": false,
            "disable_api_termination": false,
            "ebs_block_device": [],
            "ebs_optimized": false,
            "enclave_options": [
              {
                "enabled": false
              }
            ],
            "ephemeral_block_device": [],
            "get_password_data": false,
            "hibernation": false,
            "host_id": "",
            "host_resource_group_arn": null,
            "iam_instance_profile": "",
            "id": "i-012cfc46513ebf49c",
            "instance_initiated_shutdown_behavior": "stop",
            "instance_lifecycle": "",
            "instance_market_options": [],
            "instance_state": "running",
            "instance_type": "t2.micro",
            "ipv6_address_count": 0,
            "ipv6_addresses": [],
            "key_name": "my-ec2-key-terrform",
            "launch_template": [],
            "maintenance_options": [
              {
                "auto_recovery": "default"
              }
            ],
            "metadata_options": [
              {
                "http_endpoint": "enabled",
                "http_protocol_ipv6": "disabled",
                "http_put_response_hop_limit": 1,
                "http_tokens": "optional",
                "instance_metadata_tags": "disabled"
              }
            ],
            "monitoring": false,
            "network_interface": [],
            "outpost_arn": "",
            "password_data": "",
            "placement_group": "",
            "placement_partition_number": 0,
            "primary_network_interface_id": "eni-082ffbf9809bc5e77",
            "private_dns": "ip-172-31-43-177.ap-south-1.compute.internal",
            "private_dns_name_options": [
              {
                "enable_resource_name_dns_a_record": false,
                "enable_resource_name_dns_aaaa_record": false,
                "hostname_type": "ip-name"
              }
            ],
            "private_ip": "172.31.43.177",
            "public_dns": "ec2-43-205-242-132.ap-south-1.compute.amazonaws.com",
            "public_ip": "43.205.242.132",
            "root_block_device": [
              {
                "delete_on_termination": true,
                "device_name": "/dev/sda1",
                "encrypted": false,
                "iops": 100,
                "kms_key_id": "",
                "tags": {},
                "throughput": 0,
                "volume_id": "vol-040467a78ac597980",
                "volume_size": 8,
                "volume_type": "gp2"
              }
            ],
            "secondary_private_ips": [],
            "security_groups": [
              "default",
              "example_security_group"
            ],
            "source_dest_check": true,
            "spot_instance_request_id": "",
            "subnet_id": "subnet-0d5c03d46e1e52324",
            "tags": {
              "Name": "server-1"
            },
            "tags_all": {
              "Name": "server-1"
            },
            "tenancy": "default",
            "timeouts": null,
            "user_data": "b6d4460c25f2b54e7e327bf75f6d7e9040d081e8",
            "user_data_base64": null,
            "user_data_replace_on_change": false,
            "volume_tags": null,
            "vpc_security_group_ids": [
              "sg-074f4963641d63dfc",
              "sg-0da8322cdbbcf6940"
            ]
          },
          "sensitive_attributes": [],
          "private": "eyJlMmJmYjczMC1lY2FhLTExZTYtOGY4OC0zNDM2M2JjN2M0YzAiOnsiY3JlYXRlIjo2MDAwMDAwMDAwMDAsImRlbGV0ZSI6MTIwMDAwMDAwMDAwMCwidXBkYXRlIjo2MDAwMDAwMDAwMDB9LCJzY2hlbWFfdmVyc2lvbiI6IjEifQ==",
          "dependencies": [
            "aws_default_security_group.default",
            "aws_default_subnet.default",
            "aws_security_group.example_security_group"
          ]
        }
      ]
    },
    {
      "mode": "managed",
      "type": "aws_key_pair",
      "name": "example_key_pair",
      "provider": "provider[\"registry.terraform.io/hashicorp/aws\"]",
      "instances": [
        {
          "schema_version": 1,
          "attributes": {
            "arn": "arn:aws:ec2:ap-south-1:237717028134:key-pair/my-ec2-key-terrform",
            "fingerprint": "0f:44:48:bc:0d:04:3a:9d:b0:13:15:06:de:6d:d3:af",
            "id": "my-ec2-key-terrform",
            "key_name": "my-ec2-key-terrform",
            "key_name_prefix": "",
            "key_pair_id": "key-087e5088bad640888",
            "key_type": "rsa",
            "public_key": "ssh-rsa AAAAB3NzaC1yc2EAAAADAQABAAABAQCcS66RD3zRRU4hdYLf+ekbC57C/jJ/PLMKkwe+tZHblkw9AnXGhrU+b7z7Lf7NCdmrPKk4kmaDHLZTKbgpxlfe5AqwrB3CCLIaHFFnsWgJtrlTl3fa4qPsXvCfUJpfeoej3jU7qZog3RrpEakQs4ElWZEJxOcJsYqzytOepVNnI2L7AbxQdiKlhCgSAtBelDefisIgrtVJyQkaFd6wbvh/0EoSOpidRk2gnkuTagJJ05LRxw/a+QPloGYdQ+yTFHfvbLQvavHX8CabBt0ykWQbEU5MLVX1zgdvpljWvJDO56PYv/C8EH13HaBIPV/SzdaLr7A58i/wcrQOd/+/YLFJ",
            "tags": null,
            "tags_all": {}
          },
          "sensitive_attributes": [],
          "private": "eyJzY2hlbWFfdmVyc2lvbiI6IjEifQ==",
          "dependencies": [
            "tls_private_key.example_key"
          ]
        }
      ]
    },
    {
      "mode": "managed",
      "type": "aws_security_group",
      "name": "example_security_group",
      "provider": "provider[\"registry.terraform.io/hashicorp/aws\"]",
      "instances": [
        {
          "schema_version": 1,
          "attributes": {
            "arn": "arn:aws:ec2:ap-south-1:237717028134:security-group/sg-074f4963641d63dfc",
            "description": "Security group for WordPress",
            "egress": [
              {
                "cidr_blocks": [
                  "0.0.0.0/0"
                ],
                "description": "",
                "from_port": 0,
                "ipv6_cidr_blocks": [],
                "prefix_list_ids": [],
                "protocol": "-1",
                "security_groups": [],
                "self": false,
                "to_port": 0
              }
            ],
            "id": "sg-074f4963641d63dfc",
            "ingress": [
              {
                "cidr_blocks": [
                  "0.0.0.0/0"
                ],
                "description": "",
                "from_port": 22,
                "ipv6_cidr_blocks": [],
                "prefix_list_ids": [],
                "protocol": "tcp",
                "security_groups": [],
                "self": false,
                "to_port": 22
              },
              {
                "cidr_blocks": [
                  "0.0.0.0/0"
                ],
                "description": "",
                "from_port": 443,
                "ipv6_cidr_blocks": [],
                "prefix_list_ids": [],
                "protocol": "tcp",
                "security_groups": [],
                "self": false,
                "to_port": 443
              },
              {
                "cidr_blocks": [
                  "0.0.0.0/0"
                ],
                "description": "",
                "from_port": 80,
                "ipv6_cidr_blocks": [],
                "prefix_list_ids": [],
                "protocol": "tcp",
                "security_groups": [],
                "self": false,
                "to_port": 80
              }
            ],
            "name": "example_security_group",
            "name_prefix": "",
            "owner_id": "237717028134",
            "revoke_rules_on_delete": false,
            "tags": {
              "Name": "example_security_group"
            },
            "tags_all": {
              "Name": "example_security_group"
            },
            "timeouts": null,
            "vpc_id": "vpc-0d5e8bee32d125a60"
          },
          "sensitive_attributes": [],
          "private": "eyJlMmJmYjczMC1lY2FhLTExZTYtOGY4OC0zNDM2M2JjN2M0YzAiOnsiY3JlYXRlIjo2MDAwMDAwMDAwMDAsImRlbGV0ZSI6OTAwMDAwMDAwMDAwfSwic2NoZW1hX3ZlcnNpb24iOiIxIn0="
        }
      ]
    },
    {
      "mode": "managed",
      "type": "local_file",
      "name": "private_key_file",
      "provider": "provider[\"registry.terraform.io/hashicorp/local\"]",
      "instances": [
        {
          "schema_version": 0,
          "attributes": {
            "content": "-----BEGIN RSA PRIVATE KEY-----\nMIIEowIBAAKCAQEAnEuukQ980UVOIXWC3/npGwuewv4yfzyzCpMHvrWR25ZMPQJ1\nxoa1Pm+8+y3+zQnZqzypOJJmgxy2Uym4KcZX3uQKsKwdwgiyGhxRZ7FoCba5U5d3\n2uKj7F7wn1CaX3qHo941O6maIN0a6RGpELOBJVmRCcTnCbGKs8rTnqVTZyNi+wG8\nUHYipYQoEgLQXpQ3n4rCIK7VSckJGhXesG74f9BKEjqYnUZNoJ5Lk2oCSdOS0ccP\n2vkD5aBmHUPskxR372y0L2rx1/AmmwbdMpFkGxFOTC1V9c4Hb6ZY1ryQzuej2L/w\nvBB9dx2gSD1f0s3Wi6+wOfIv8HK0Dnf/v2CxSQIDAQABAoIBADF7FE0AZjeqhU26\ncjCOYeoaB60b5Mi7YsNaQP1zZjXqo0A9YyPyybZ2kZHDwgMPt0Wq8rfiQWoI0QAL\nGS7AiFkcQPYlx1YCgsAZbvwxAgrxOkLolR1K2zKd6/fEANtxYzfRxXCaBR2aYkaf\nPLL44U39yRkaqTo8Zvj8oXp8RKdF4fOF32K+hdrjOzQJec0Q0hjKKRkIjIJi3sad\nwMRA2ShGVrOKIoxfAiiEprWGiNFLhwwUl5sofTK/qADgMYsLtOWXo5CTTtH45zV6\ntc7DNQcIed/5Pg9KTUbkO6ez2OlP4qP+1tXztVw+81o8txvROAJWWJKvwEGQBha2\nJ7NpJTECgYEAwE0Xumqd6ksGVnkEGW8D53XfKASOSTZKeUmo0RbOAeDedAE1nlZe\n2yfMysRxwq8NJ+JvNwznXzeUc5+FmsMFni0GwDDnZGOYmEY3v2zikEJ/bcY/Pm+B\ns5sHEhGNX5EQWg+s2MHUcWAP+De+4yBEkJbWcfw1SMM/xXgMTRnp0tsCgYEA0BFd\naTA/Q6NfyR4k5FwPqD11SgSdPv+De5wnRiKdsEcAdSk99Lfn6NQ8qRqdQoTCRIrQ\nLRrc4RlIX0LciziTHtbTAvIj0B26mF7BQa8Q8jhyR3hq+299+IK5maL88TcFMCwP\njfk3UVWhbYQIBUD34MkwwvEWP0Hsm0sabl7HW6sCgYAqc9p9KPRbuNxZUrX4920h\nOABf0UGoH/go9n3yStqHx6DUcz/nCKJAN3Uafmuu0v5Qg8iRmqOpfZekPt873znq\nRX5sB1/N5b7WPwonlF4gAs4m6dEkc3FquRrCfmV7Z4b4muVJpODFdrOP1J6rfYAl\ne2c0Gr2YpqH5chslGkdoaQKBgQCh7aHBB2d1AGS/ZNJZVrxotsvdOxIVwU1WmgSG\ntNH8KoXUqLArECVQMjyzbp8M8b0vEslJESrtlHuah7KUNwdobM/z7vaoNTrO8o98\nyv5pRDzMGo9H91EWYsaHJy2rnKJRBzljyJygk//591M2o4VGT82/KVmjCW9WvHBp\njSGh2QKBgFGYg+pzF9q64PkWX5IzfNfbeBt83rlIaWWlnVuqtltyS8su2f4oYMT2\nqxlbtnRh6eHxiIjCpN/A7RcCdLsols14QHbo4kuwyVFPYR5JpOiV2XP7BJyfUc4M\nIYayVrYi96CsVF21caR/Vcdt88wQ/Q8awSaqy2QAt7WMODi7O3ry\n-----END RSA PRIVATE KEY-----\n",
            "content_base64": null,
            "content_base64sha256": "KLn4G+BBmZSXy7UFxjGiiRzO8/KEHaAI583SXxq9aoM=",
            "content_base64sha512": "U0Tyg484spj3P0N6U/GK9FcMGSFWnG2OtyfrfyEhXPBXJl2n9iyEzB9TsPWSsvp0/RX3cpDF7XIGiCLgyVTk1g==",
            "content_md5": "029a8c8ecfb27ab55358b299c690a175",
            "content_sha1": "4ab1092e58286ebde4dc7e42ab7c62931dec636d",
            "content_sha256": "28b9f81be041999497cbb505c631a2891ccef3f2841da008e7cdd25f1abd6a83",
            "content_sha512": "5344f2838f38b298f73f437a53f18af4570c1921569c6d8eb727eb7f21215cf057265da7f62c84cc1f53b0f592b2fa74fd15f77290c5ed72068822e0c954e4d6",
            "directory_permission": "0777",
            "file_permission": "0777",
            "filename": "./my-ec2-key-terrform.pem",
            "id": "4ab1092e58286ebde4dc7e42ab7c62931dec636d",
            "sensitive_content": null,
            "source": null
          },
          "sensitive_attributes": [
            [
              {
                "type": "get_attr",
                "value": "content"
              }
            ]
          ],
          "dependencies": [
            "tls_private_key.example_key"
          ]
        }
      ]
    },
    {
      "mode": "managed",
      "type": "tls_private_key",
      "name": "example_key",
      "provider": "provider[\"registry.terraform.io/hashicorp/tls\"]",
      "instances": [
        {
          "schema_version": 1,
          "attributes": {
            "algorithm": "RSA",
            "ecdsa_curve": "P224",
            "id": "650f7fda7380e63b9e449b4a9951e319013f9b13",
            "private_key_openssh": "-----BEGIN OPENSSH PRIVATE KEY-----\nb3BlbnNzaC1rZXktdjEAAAAABG5vbmUAAAAEbm9uZQAAAAAAAAABAAABFwAAAAdz\nc2gtcnNhAAAAAwEAAQAAAQEAnEuukQ980UVOIXWC3/npGwuewv4yfzyzCpMHvrWR\n25ZMPQJ1xoa1Pm+8+y3+zQnZqzypOJJmgxy2Uym4KcZX3uQKsKwdwgiyGhxRZ7Fo\nCba5U5d32uKj7F7wn1CaX3qHo941O6maIN0a6RGpELOBJVmRCcTnCbGKs8rTnqVT\nZyNi+wG8UHYipYQoEgLQXpQ3n4rCIK7VSckJGhXesG74f9BKEjqYnUZNoJ5Lk2oC\nSdOS0ccP2vkD5aBmHUPskxR372y0L2rx1/AmmwbdMpFkGxFOTC1V9c4Hb6ZY1ryQ\nzuej2L/wvBB9dx2gSD1f0s3Wi6+wOfIv8HK0Dnf/v2CxSQAAA7h53MhuedzIbgAA\nAAdzc2gtcnNhAAABAQCcS66RD3zRRU4hdYLf+ekbC57C/jJ/PLMKkwe+tZHblkw9\nAnXGhrU+b7z7Lf7NCdmrPKk4kmaDHLZTKbgpxlfe5AqwrB3CCLIaHFFnsWgJtrlT\nl3fa4qPsXvCfUJpfeoej3jU7qZog3RrpEakQs4ElWZEJxOcJsYqzytOepVNnI2L7\nAbxQdiKlhCgSAtBelDefisIgrtVJyQkaFd6wbvh/0EoSOpidRk2gnkuTagJJ05LR\nxw/a+QPloGYdQ+yTFHfvbLQvavHX8CabBt0ykWQbEU5MLVX1zgdvpljWvJDO56PY\nv/C8EH13HaBIPV/SzdaLr7A58i/wcrQOd/+/YLFJAAAAAwEAAQAAAQAxexRNAGY3\nqoVNunIwjmHqGgetG+TIu2LDWkD9c2Y16qNAPWMj8sm2dpGRw8IDD7dFqvK34kFq\nCNEACxkuwIhZHED2JcdWAoLAGW78MQIK8TpC6JUdStsynev3xADbcWM30cVwmgUd\nmmJGnzyy+OFN/ckZGqk6PGb4/KF6fESnReHzhd9ivoXa4zs0CXnNENIYyikZCIyC\nYt7GncDEQNkoRlaziiKMXwIohKa1hojRS4cMFJebKH0yv6gA4DGLC7Tll6OQk07R\n+Oc1erXOwzUHCHnf+T4PSk1G5Duns9jpT+Kj/tbV87VcPvNaPLcb0TgCVliSr8BB\nkAYWtiezaSUxAAAAgFGYg+pzF9q64PkWX5IzfNfbeBt83rlIaWWlnVuqtltyS8su\n2f4oYMT2qxlbtnRh6eHxiIjCpN/A7RcCdLsols14QHbo4kuwyVFPYR5JpOiV2XP7\nBJyfUc4MIYayVrYi96CsVF21caR/Vcdt88wQ/Q8awSaqy2QAt7WMODi7O3ryAAAA\ngQDATRe6ap3qSwZWeQQZbwPndd8oBI5JNkp5SajRFs4B4N50ATWeVl7bJ8zKxHHC\nrw0n4m83DOdfN5Rzn4WawwWeLQbAMOdkY5iYRje/bOKQQn9txj8+b4GzmwcSEY1f\nkRBaD6zYwdRxYA/4N77jIESQltZx/DVIwz/FeAxNGenS2wAAAIEA0BFdaTA/Q6Nf\nyR4k5FwPqD11SgSdPv+De5wnRiKdsEcAdSk99Lfn6NQ8qRqdQoTCRIrQLRrc4RlI\nX0LciziTHtbTAvIj0B26mF7BQa8Q8jhyR3hq+299+IK5maL88TcFMCwPjfk3UVWh\nbYQIBUD34MkwwvEWP0Hsm0sabl7HW6sAAAAAAQID\n-----END OPENSSH PRIVATE KEY-----\n",
            "private_key_pem": "-----BEGIN RSA PRIVATE KEY-----\nMIIEowIBAAKCAQEAnEuukQ980UVOIXWC3/npGwuewv4yfzyzCpMHvrWR25ZMPQJ1\nxoa1Pm+8+y3+zQnZqzypOJJmgxy2Uym4KcZX3uQKsKwdwgiyGhxRZ7FoCba5U5d3\n2uKj7F7wn1CaX3qHo941O6maIN0a6RGpELOBJVmRCcTnCbGKs8rTnqVTZyNi+wG8\nUHYipYQoEgLQXpQ3n4rCIK7VSckJGhXesG74f9BKEjqYnUZNoJ5Lk2oCSdOS0ccP\n2vkD5aBmHUPskxR372y0L2rx1/AmmwbdMpFkGxFOTC1V9c4Hb6ZY1ryQzuej2L/w\nvBB9dx2gSD1f0s3Wi6+wOfIv8HK0Dnf/v2CxSQIDAQABAoIBADF7FE0AZjeqhU26\ncjCOYeoaB60b5Mi7YsNaQP1zZjXqo0A9YyPyybZ2kZHDwgMPt0Wq8rfiQWoI0QAL\nGS7AiFkcQPYlx1YCgsAZbvwxAgrxOkLolR1K2zKd6/fEANtxYzfRxXCaBR2aYkaf\nPLL44U39yRkaqTo8Zvj8oXp8RKdF4fOF32K+hdrjOzQJec0Q0hjKKRkIjIJi3sad\nwMRA2ShGVrOKIoxfAiiEprWGiNFLhwwUl5sofTK/qADgMYsLtOWXo5CTTtH45zV6\ntc7DNQcIed/5Pg9KTUbkO6ez2OlP4qP+1tXztVw+81o8txvROAJWWJKvwEGQBha2\nJ7NpJTECgYEAwE0Xumqd6ksGVnkEGW8D53XfKASOSTZKeUmo0RbOAeDedAE1nlZe\n2yfMysRxwq8NJ+JvNwznXzeUc5+FmsMFni0GwDDnZGOYmEY3v2zikEJ/bcY/Pm+B\ns5sHEhGNX5EQWg+s2MHUcWAP+De+4yBEkJbWcfw1SMM/xXgMTRnp0tsCgYEA0BFd\naTA/Q6NfyR4k5FwPqD11SgSdPv+De5wnRiKdsEcAdSk99Lfn6NQ8qRqdQoTCRIrQ\nLRrc4RlIX0LciziTHtbTAvIj0B26mF7BQa8Q8jhyR3hq+299+IK5maL88TcFMCwP\njfk3UVWhbYQIBUD34MkwwvEWP0Hsm0sabl7HW6sCgYAqc9p9KPRbuNxZUrX4920h\nOABf0UGoH/go9n3yStqHx6DUcz/nCKJAN3Uafmuu0v5Qg8iRmqOpfZekPt873znq\nRX5sB1/N5b7WPwonlF4gAs4m6dEkc3FquRrCfmV7Z4b4muVJpODFdrOP1J6rfYAl\ne2c0Gr2YpqH5chslGkdoaQKBgQCh7aHBB2d1AGS/ZNJZVrxotsvdOxIVwU1WmgSG\ntNH8KoXUqLArECVQMjyzbp8M8b0vEslJESrtlHuah7KUNwdobM/z7vaoNTrO8o98\nyv5pRDzMGo9H91EWYsaHJy2rnKJRBzljyJygk//591M2o4VGT82/KVmjCW9WvHBp\njSGh2QKBgFGYg+pzF9q64PkWX5IzfNfbeBt83rlIaWWlnVuqtltyS8su2f4oYMT2\nqxlbtnRh6eHxiIjCpN/A7RcCdLsols14QHbo4kuwyVFPYR5JpOiV2XP7BJyfUc4M\nIYayVrYi96CsVF21caR/Vcdt88wQ/Q8awSaqy2QAt7WMODi7O3ry\n-----END RSA PRIVATE KEY-----\n",
            "private_key_pem_pkcs8": "-----BEGIN PRIVATE KEY-----\nMIIEvQIBADANBgkqhkiG9w0BAQEFAASCBKcwggSjAgEAAoIBAQCcS66RD3zRRU4h\ndYLf+ekbC57C/jJ/PLMKkwe+tZHblkw9AnXGhrU+b7z7Lf7NCdmrPKk4kmaDHLZT\nKbgpxlfe5AqwrB3CCLIaHFFnsWgJtrlTl3fa4qPsXvCfUJpfeoej3jU7qZog3Rrp\nEakQs4ElWZEJxOcJsYqzytOepVNnI2L7AbxQdiKlhCgSAtBelDefisIgrtVJyQka\nFd6wbvh/0EoSOpidRk2gnkuTagJJ05LRxw/a+QPloGYdQ+yTFHfvbLQvavHX8Cab\nBt0ykWQbEU5MLVX1zgdvpljWvJDO56PYv/C8EH13HaBIPV/SzdaLr7A58i/wcrQO\nd/+/YLFJAgMBAAECggEAMXsUTQBmN6qFTbpyMI5h6hoHrRvkyLtiw1pA/XNmNeqj\nQD1jI/LJtnaRkcPCAw+3Raryt+JBagjRAAsZLsCIWRxA9iXHVgKCwBlu/DECCvE6\nQuiVHUrbMp3r98QA23FjN9HFcJoFHZpiRp88svjhTf3JGRqpOjxm+PyhenxEp0Xh\n84XfYr6F2uM7NAl5zRDSGMopGQiMgmLexp3AxEDZKEZWs4oijF8CKISmtYaI0UuH\nDBSXmyh9Mr+oAOAxiwu05ZejkJNO0fjnNXq1zsM1Bwh53/k+D0pNRuQ7p7PY6U/i\no/7W1fO1XD7zWjy3G9E4AlZYkq/AQZAGFrYns2klMQKBgQDATRe6ap3qSwZWeQQZ\nbwPndd8oBI5JNkp5SajRFs4B4N50ATWeVl7bJ8zKxHHCrw0n4m83DOdfN5Rzn4Wa\nwwWeLQbAMOdkY5iYRje/bOKQQn9txj8+b4GzmwcSEY1fkRBaD6zYwdRxYA/4N77j\nIESQltZx/DVIwz/FeAxNGenS2wKBgQDQEV1pMD9Do1/JHiTkXA+oPXVKBJ0+/4N7\nnCdGIp2wRwB1KT30t+fo1DypGp1ChMJEitAtGtzhGUhfQtyLOJMe1tMC8iPQHbqY\nXsFBrxDyOHJHeGr7b334grmZovzxNwUwLA+N+TdRVaFthAgFQPfgyTDC8RY/Qeyb\nSxpuXsdbqwKBgCpz2n0o9Fu43FlStfj3bSE4AF/RQagf+Cj2ffJK2ofHoNRzP+cI\nokA3dRp+a67S/lCDyJGao6l9l6Q+3zvfOepFfmwHX83lvtY/CieUXiACzibp0SRz\ncWq5GsJ+ZXtnhvia5Umk4MV2s4/Unqt9gCV7ZzQavZimoflyGyUaR2hpAoGBAKHt\nocEHZ3UAZL9k0llWvGi2y907EhXBTVaaBIa00fwqhdSosCsQJVAyPLNunwzxvS8S\nyUkRKu2Ue5qHspQ3B2hsz/Pu9qg1Os7yj3zK/mlEPMwaj0f3URZixocnLaucolEH\nOWPInKCT//n3UzajhUZPzb8pWaMJb1a8cGmNIaHZAoGAUZiD6nMX2rrg+RZfkjN8\n19t4G3zeuUhpZaWdW6q2W3JLyy7Z/ihgxParGVu2dGHp4fGIiMKk38DtFwJ0uyiW\nzXhAdujiS7DJUU9hHkmk6JXZc/sEnJ9RzgwhhrJWtiL3oKxUXbVxpH9Vx23zzBD9\nDxrBJqrLZAC3tYw4OLs7evI=\n-----END PRIVATE KEY-----\n",
            "public_key_fingerprint_md5": "1b:e2:f1:ca:a5:cd:dd:32:2c:be:74:47:df:b3:12:d9",
            "public_key_fingerprint_sha256": "SHA256:9olgww1s2POGPTbBRlChcya4Mp6Q6DZ+Z55D9zsHYa4",
            "public_key_openssh": "ssh-rsa AAAAB3NzaC1yc2EAAAADAQABAAABAQCcS66RD3zRRU4hdYLf+ekbC57C/jJ/PLMKkwe+tZHblkw9AnXGhrU+b7z7Lf7NCdmrPKk4kmaDHLZTKbgpxlfe5AqwrB3CCLIaHFFnsWgJtrlTl3fa4qPsXvCfUJpfeoej3jU7qZog3RrpEakQs4ElWZEJxOcJsYqzytOepVNnI2L7AbxQdiKlhCgSAtBelDefisIgrtVJyQkaFd6wbvh/0EoSOpidRk2gnkuTagJJ05LRxw/a+QPloGYdQ+yTFHfvbLQvavHX8CabBt0ykWQbEU5MLVX1zgdvpljWvJDO56PYv/C8EH13HaBIPV/SzdaLr7A58i/wcrQOd/+/YLFJ\n",
            "public_key_pem": "-----BEGIN PUBLIC KEY-----\nMIIBIjANBgkqhkiG9w0BAQEFAAOCAQ8AMIIBCgKCAQEAnEuukQ980UVOIXWC3/np\nGwuewv4yfzyzCpMHvrWR25ZMPQJ1xoa1Pm+8+y3+zQnZqzypOJJmgxy2Uym4KcZX\n3uQKsKwdwgiyGhxRZ7FoCba5U5d32uKj7F7wn1CaX3qHo941O6maIN0a6RGpELOB\nJVmRCcTnCbGKs8rTnqVTZyNi+wG8UHYipYQoEgLQXpQ3n4rCIK7VSckJGhXesG74\nf9BKEjqYnUZNoJ5Lk2oCSdOS0ccP2vkD5aBmHUPskxR372y0L2rx1/AmmwbdMpFk\nGxFOTC1V9c4Hb6ZY1ryQzuej2L/wvBB9dx2gSD1f0s3Wi6+wOfIv8HK0Dnf/v2Cx\nSQIDAQAB\n-----END PUBLIC KEY-----\n",
            "rsa_bits": 2048
          },
          "sensitive_attributes": []
        }
      ]
    }
  ],
  "check_results": null
}
